
Microsoft Visual Studio Solution File, Format Version 12.00
# Visual Studio 15
VisualStudioVersion = 15.0.26124.0
MinimumVisualStudioVersion = 15.0.26124.0
Project("{FAE04EC0-301F-11D3-BF4B-00C04F79EFBC}") = "server", "server\server.csproj", "{BEA25860-77DA-4161-B91F-EF8138478918}"
EndProject
Project("{FAE04EC0-301F-11D3-BF4B-00C04F79EFBC}") = "client", "client\client.csproj", "{2A65195E-2D8E-445D-9BC3-87408622CB7F}"
EndProject
Project("{FAE04EC0-301F-11D3-BF4B-00C04F79EFBC}") = "SockCommon", "SockCommon\SockCommon.csproj", "{39212692-886F-4559-8A88-B3043FC535DD}"
EndProject
Project("{FAE04EC0-301F-11D3-BF4B-00C04F79EFBC}") = "Tests", "Tests\Tests.csproj", "{A290DA71-DE99-41FD-A6F3-807BDB0112C2}"
EndProject
Global
	GlobalSection(SolutionConfigurationPlatforms) = preSolution
		Debug|Any CPU = Debug|Any CPU
		Debug|x64 = Debug|x64
		Debug|x86 = Debug|x86
		Release|Any CPU = Release|Any CPU
		Release|x64 = Release|x64
		Release|x86 = Release|x86
	EndGlobalSection
	GlobalSection(SolutionProperties) = preSolution
		HideSolutionNode = FALSE
	EndGlobalSection
	GlobalSection(ProjectConfigurationPlatforms) = postSolution
		{BEA25860-77DA-4161-B91F-EF8138478918}.Debug|Any CPU.ActiveCfg = Debug|Any CPU
		{BEA25860-77DA-4161-B91F-EF8138478918}.Debug|Any CPU.Build.0 = Debug|Any CPU
		{BEA25860-77DA-4161-B91F-EF8138478918}.Debug|x64.ActiveCfg = Debug|Any CPU
		{BEA25860-77DA-4161-B91F-EF8138478918}.Debug|x64.Build.0 = Debug|Any CPU
		{BEA25860-77DA-4161-B91F-EF8138478918}.Debug|x86.ActiveCfg = Debug|Any CPU
		{BEA25860-77DA-4161-B91F-EF8138478918}.Debug|x86.Build.0 = Debug|Any CPU
		{BEA25860-77DA-4161-B91F-EF8138478918}.Release|Any CPU.ActiveCfg = Release|Any CPU
		{BEA25860-77DA-4161-B91F-EF8138478918}.Release|Any CPU.Build.0 = Release|Any CPU
		{BEA25860-77DA-4161-B91F-EF8138478918}.Release|x64.ActiveCfg = Release|Any CPU
		{BEA25860-77DA-4161-B91F-EF8138478918}.Release|x64.Build.0 = Release|Any CPU
		{BEA25860-77DA-4161-B91F-EF8138478918}.Release|x86.ActiveCfg = Release|Any CPU
		{BEA25860-77DA-4161-B91F-EF8138478918}.Release|x86.Build.0 = Release|Any CPU
		{2A65195E-2D8E-445D-9BC3-87408622CB7F}.Debug|Any CPU.ActiveCfg = Debug|Any CPU
		{2A65195E-2D8E-445D-9BC3-87408622CB7F}.Debug|Any CPU.Build.0 = Debug|Any CPU
		{2A65195E-2D8E-445D-9BC3-87408622CB7F}.Debug|x64.ActiveCfg = Debug|Any CPU
		{2A65195E-2D8E-445D-9BC3-87408622CB7F}.Debug|x64.Build.0 = Debug|Any CPU
		{2A65195E-2D8E-445D-9BC3-87408622CB7F}.Debug|x86.ActiveCfg = Debug|Any CPU
		{2A65195E-2D8E-445D-9BC3-87408622CB7F}.Debug|x86.Build.0 = Debug|Any CPU
		{2A65195E-2D8E-445D-9BC3-87408622CB7F}.Release|Any CPU.ActiveCfg = Release|Any CPU
		{2A65195E-2D8E-445D-9BC3-87408622CB7F}.Release|Any CPU.Build.0 = Release|Any CPU
		{2A65195E-2D8E-445D-9BC3-87408622CB7F}.Release|x64.ActiveCfg = Release|Any CPU
		{2A65195E-2D8E-445D-9BC3-87408622CB7F}.Release|x64.Build.0 = Release|Any CPU
		{2A65195E-2D8E-445D-9BC3-87408622CB7F}.Release|x86.ActiveCfg = Release|Any CPU
		{2A65195E-2D8E-445D-9BC3-87408622CB7F}.Release|x86.Build.0 = Release|Any CPU
		{39212692-886F-4559-8A88-B3043FC535DD}.Debug|Any CPU.ActiveCfg = Debug|Any CPU
		{39212692-886F-4559-8A88-B3043FC535DD}.Debug|Any CPU.Build.0 = Debug|Any CPU
		{39212692-886F-4559-8A88-B3043FC535DD}.Debug|x64.ActiveCfg = Debug|Any CPU
		{39212692-886F-4559-8A88-B3043FC535DD}.Debug|x64.Build.0 = Debug|Any CPU
		{39212692-886F-4559-8A88-B3043FC535DD}.Debug|x86.ActiveCfg = Debug|Any CPU
		{39212692-886F-4559-8A88-B3043FC535DD}.Debug|x86.Build.0 = Debug|Any CPU
		{39212692-886F-4559-8A88-B3043FC535DD}.Release|Any CPU.ActiveCfg = Release|Any CPU
		{39212692-886F-4559-8A88-B3043FC535DD}.Release|Any CPU.Build.0 = Release|Any CPU
		{39212692-886F-4559-8A88-B3043FC535DD}.Release|x64.ActiveCfg = Release|Any CPU
		{39212692-886F-4559-8A88-B3043FC535DD}.Release|x64.Build.0 = Release|Any CPU
		{39212692-886F-4559-8A88-B3043FC535DD}.Release|x86.ActiveCfg = Release|Any CPU
		{39212692-886F-4559-8A88-B3043FC535DD}.Release|x86.Build.0 = Release|Any CPU
		{A290DA71-DE99-41FD-A6F3-807BDB0112C2}.Debug|Any CPU.ActiveCfg = Debug|Any CPU
		{A290DA71-DE99-41FD-A6F3-807BDB0112C2}.Debug|Any CPU.Build.0 = Debug|Any CPU
		{A290DA71-DE99-41FD-A6F3-807BDB0112C2}.Debug|x64.ActiveCfg = Debug|Any CPU
		{A290DA71-DE99-41FD-A6F3-807BDB0112C2}.Debug|x64.Build.0 = Debug|Any CPU
		{A290DA71-DE99-41FD-A6F3-807BDB0112C2}.Debug|x86.ActiveCfg = Debug|Any CPU
		{A290DA71-DE99-41FD-A6F3-807BDB0112C2}.Debug|x86.Build.0 = Debug|Any CPU
		{A290DA71-DE99-41FD-A6F3-807BDB0112C2}.Release|Any CPU.ActiveCfg = Release|Any CPU
		{A290DA71-DE99-41FD-A6F3-807BDB0112C2}.Release|Any CPU.Build.0 = Release|Any CPU
		{A290DA71-DE99-41FD-A6F3-807BDB0112C2}.Release|x64.ActiveCfg = Release|Any CPU
		{A290DA71-DE99-41FD-A6F3-807BDB0112C2}.Release|x64.Build.0 = Release|Any CPU
		{A290DA71-DE99-41FD-A6F3-807BDB0112C2}.Release|x86.ActiveCfg = Release|Any CPU
		{A290DA71-DE99-41FD-A6F3-807BDB0112C2}.Release|x86.Build.0 = Release|Any CPU
	EndGlobalSection
EndGlobal
